<?xml version="1.0" encoding="utf-8"?>
<Project ToolsVersion="4.0" xmlns="http://schemas.microsoft.com/developer/msbuild/2003">
  <ItemGroup>
    <Filter Include="Source Files">
      <UniqueIdentifier>{4FC737F1-C7A5-4376-A066-2A32D752A2FF}</UniqueIdentifier>
      <Extensions>cpp;c;cc;cxx;def;odl;idl;hpj;bat;asm;asmx</Extensions>
    </Filter>
    <Filter Include="Header Files">
      <UniqueIdentifier>{93995380-89BD-4b04-88EB-625FBE52EBFB}</UniqueIdentifier>
      <Extensions>h;hh;hpp;hxx;hm;inl;inc;ipp;xsd</Extensions>
    </Filter>
    <Filter Include="Resource Files">
      <UniqueIdentifier>{67DA6AB6-F800-4c08-8B7A-83BB121AAD01}</UniqueIdentifier>
      <Extensions>rc;ico;cur;bmp;dlg;rc2;rct;bin;rgs;gif;jpg;jpeg;jpe;resx;tiff;tif;png;wav;mfcribbon-ms</Extensions>
    </Filter>
    <Filter Include="Header Files\SceneNodes">
      <UniqueIdentifier>{967751bb-140d-4035-9336-2cb094c7f493}</UniqueIdentifier>
    </Filter>
    <Filter Include="Header Files\Pipelines">
      <UniqueIdentifier>{c45fc0e6-2d89-4885-b625-970c970f2656}</UniqueIdentifier>
    </Filter>
  </ItemGroup>
  <ItemGroup>
    <ClCompile Include="main.cpp">
      <Filter>Source Files</Filter>
    </ClCompile>
    <ClCompile Include="lodepng.cpp">
      <Filter>Source Files</Filter>
    </ClCompile>
  </ItemGroup>
  <ItemGroup>
    <None Include="Vertex.vert">
      <Filter>Source Files</Filter>
    </None>
    <None Include="Fragment.frag">
      <Filter>Source Files</Filter>
    </None>
    <None Include="Vertex2.vert">
      <Filter>Source Files</Filter>
    </None>
    <None Include="Fragment2.frag">
      <Filter>Source Files</Filter>
    </None>
  </ItemGroup>
  <ItemGroup>
    <ClInclude Include="Vulkan.hpp">
      <Filter>Header Files</Filter>
    </ClInclude>
    <ClInclude Include="TriangleMesh.hpp">
      <Filter>Header Files</Filter>
    </ClInclude>
    <ClInclude Include="SceneGraph.hpp">
      <Filter>Header Files</Filter>
    </ClInclude>
    <ClInclude Include="EventReceiver.hpp">
      <Filter>Header Files</Filter>
    </ClInclude>
    <ClInclude Include="MaterialCache.hpp">
      <Filter>Header Files</Filter>
    </ClInclude>
    <ClInclude Include="SceneNode.h">
      <Filter>Header Files\SceneNodes</Filter>
    </ClInclude>
    <ClInclude Include="SkinnedMeshSceneNode.hpp">
      <Filter>Header Files\SceneNodes</Filter>
    </ClInclude>
    <ClInclude Include="TriangleMeshSceneNode.hpp">
      <Filter>Header Files\SceneNodes</Filter>
    </ClInclude>
    <ClInclude Include="PlaybackController.hpp">
      <Filter>Header Files\SceneNodes</Filter>
    </ClInclude>
    <ClInclude Include="vk_mem_alloc.h">
      <Filter>Header Files</Filter>
    </ClInclude>
    <ClInclude Include="VulkanGWEN.hpp">
      <Filter>Header Files</Filter>
    </ClInclude>
    <ClInclude Include="Forwards.hpp">
      <Filter>Header Files</Filter>
    </ClInclude>
    <ClInclude Include="PipelineObject.hpp">
      <Filter>Header Files\Pipelines</Filter>
    </ClInclude>
    <ClInclude Include="Pipe_GUI.hpp">
      <Filter>Header Files\Pipelines</Filter>
    </ClInclude>
    <ClInclude Include="Pipe_Default.hpp">
      <Filter>Header Files\Pipelines</Filter>
    </ClInclude>
    <ClInclude Include="Import_FBX.hpp">
      <Filter>Header Files</Filter>
    </ClInclude>
    <ClInclude Include="lodepng.h">
      <Filter>Header Files</Filter>
    </ClInclude>
  </ItemGroup>
</Project>