<?xml version="1.0" encoding="utf-8"?>
<Project ToolsVersion="4.0" xmlns="http://schemas.microsoft.com/developer/msbuild/2003">
  <ItemGroup>
    <Filter Include="Source Files">
      <UniqueIdentifier>{4FC737F1-C7A5-4376-A066-2A32D752A2FF}</UniqueIdentifier>
      <Extensions>cpp;c;cc;cxx;def;odl;idl;hpj;bat;asm;asmx</Extensions>
    </Filter>
    <Filter Include="Header Files">
      <UniqueIdentifier>{93995380-89BD-4b04-88EB-625FBE52EBFB}</UniqueIdentifier>
      <Extensions>h;hh;hpp;hxx;hm;inl;inc;ipp;xsd</Extensions>
    </Filter>
    <Filter Include="Header Files\SceneNodes">
      <UniqueIdentifier>{967751bb-140d-4035-9336-2cb094c7f493}</UniqueIdentifier>
    </Filter>
    <Filter Include="Header Files\Pipelines">
      <UniqueIdentifier>{c45fc0e6-2d89-4885-b625-970c970f2656}</UniqueIdentifier>
    </Filter>
    <Filter Include="Source Files\Shaders">
      <UniqueIdentifier>{047743e7-11cb-40c4-bda0-0e65a36856c6}</UniqueIdentifier>
    </Filter>
    <Filter Include="Source Files\Shaders\Frag">
      <UniqueIdentifier>{72e1a8dc-73ad-4c7b-9a3f-84d083bb95fa}</UniqueIdentifier>
    </Filter>
    <Filter Include="Source Files\Shaders\Vert">
      <UniqueIdentifier>{d7c1df62-77e5-4fa9-b94d-cbddbb55515e}</UniqueIdentifier>
    </Filter>
    <Filter Include="Header Files\Client Implementations">
      <UniqueIdentifier>{c8845d94-5d35-4b51-b291-98e10784b798}</UniqueIdentifier>
    </Filter>
    <Filter Include="Header Files\Libraries">
      <UniqueIdentifier>{444acd66-cbc7-431f-a7ab-a18a655d2e22}</UniqueIdentifier>
    </Filter>
    <Filter Include="Source Files\Libraries">
      <UniqueIdentifier>{72bb51b6-9e2a-4d89-b48c-ae3c88d507eb}</UniqueIdentifier>
    </Filter>
    <Filter Include="Header Files\Menus">
      <UniqueIdentifier>{0011d504-520c-484f-a350-91180c8eea52}</UniqueIdentifier>
    </Filter>
    <Filter Include="Header Files\GLTF">
      <UniqueIdentifier>{7a2b7321-ae84-4f11-94f3-ff17d5da7090}</UniqueIdentifier>
    </Filter>
    <Filter Include="Header Files\OZZ">
      <UniqueIdentifier>{35ccf428-6358-485e-ae8e-958f5fe4b7e2}</UniqueIdentifier>
    </Filter>
    <Filter Include="Header Files\Vulkan">
      <UniqueIdentifier>{57d7ea9b-c72f-4357-8675-1c52f408eeea}</UniqueIdentifier>
    </Filter>
    <Filter Include="Header Files\Items">
      <UniqueIdentifier>{cafdadac-7b05-488f-8326-728eb3f242b3}</UniqueIdentifier>
    </Filter>
    <Filter Include="Header Files\Libraries\imGUI">
      <UniqueIdentifier>{a3d7af35-3df2-4e0a-81e2-831138060e0e}</UniqueIdentifier>
    </Filter>
  </ItemGroup>
  <ItemGroup>
    <ClCompile Include="main.cpp">
      <Filter>Source Files</Filter>
    </ClCompile>
    <ClCompile Include="lodepng.cpp">
      <Filter>Source Files\Libraries</Filter>
    </ClCompile>
    <ClCompile Include="ozz_mesh.cc">
      <Filter>Header Files\OZZ</Filter>
    </ClCompile>
    <ClCompile Include="ozz_utils.cc">
      <Filter>Header Files\OZZ</Filter>
    </ClCompile>
    <ClCompile Include="imgui.cpp">
      <Filter>Header Files\Libraries\imGUI</Filter>
    </ClCompile>
    <ClCompile Include="imgui_demo.cpp">
      <Filter>Header Files\Libraries\imGUI</Filter>
    </ClCompile>
    <ClCompile Include="imgui_draw.cpp">
      <Filter>Header Files\Libraries\imGUI</Filter>
    </ClCompile>
    <ClCompile Include="imgui_tables.cpp">
      <Filter>Header Files\Libraries\imGUI</Filter>
    </ClCompile>
    <ClCompile Include="imgui_widgets.cpp">
      <Filter>Header Files\Libraries\imGUI</Filter>
    </ClCompile>
  </ItemGroup>
  <ItemGroup>
    <ClInclude Include="TriangleMesh.hpp">
      <Filter>Header Files</Filter>
    </ClInclude>
    <ClInclude Include="SceneGraph.hpp">
      <Filter>Header Files</Filter>
    </ClInclude>
    <ClInclude Include="EventReceiver.hpp">
      <Filter>Header Files</Filter>
    </ClInclude>
    <ClInclude Include="MaterialCache.hpp">
      <Filter>Header Files</Filter>
    </ClInclude>
    <ClInclude Include="SceneNode.h">
      <Filter>Header Files\SceneNodes</Filter>
    </ClInclude>
    <ClInclude Include="SkinnedMeshSceneNode.hpp">
      <Filter>Header Files\SceneNodes</Filter>
    </ClInclude>
    <ClInclude Include="TriangleMeshSceneNode.hpp">
      <Filter>Header Files\SceneNodes</Filter>
    </ClInclude>
    <ClInclude Include="VulkanGWEN.hpp">
      <Filter>Header Files</Filter>
    </ClInclude>
    <ClInclude Include="Forwards.hpp">
      <Filter>Header Files</Filter>
    </ClInclude>
    <ClInclude Include="PipelineObject.hpp">
      <Filter>Header Files\Pipelines</Filter>
    </ClInclude>
    <ClInclude Include="Pipe_GUI.hpp">
      <Filter>Header Files\Pipelines</Filter>
    </ClInclude>
    <ClInclude Include="Pipe_Default.hpp">
      <Filter>Header Files\Pipelines</Filter>
    </ClInclude>
    <ClInclude Include="LuaScripting.hpp">
      <Filter>Header Files</Filter>
    </ClInclude>
    <ClInclude Include="MyEventReceiver.hpp">
      <Filter>Header Files\Client Implementations</Filter>
    </ClInclude>
    <ClInclude Include="lodepng.h">
      <Filter>Header Files\Libraries</Filter>
    </ClInclude>
    <ClInclude Include="vk_mem_alloc.h">
      <Filter>Header Files\Libraries</Filter>
    </ClInclude>
    <ClInclude Include="Camera.hpp">
      <Filter>Header Files</Filter>
    </ClInclude>
    <ClInclude Include="WorldSceneNode.hpp">
      <Filter>Header Files\SceneNodes</Filter>
    </ClInclude>
    <ClInclude Include="CharacterSceneNode.hpp">
      <Filter>Header Files\SceneNodes</Filter>
    </ClInclude>
    <ClInclude Include="MainMenu.hpp">
      <Filter>Header Files\Menus</Filter>
    </ClInclude>
    <ClInclude Include="ConsoleMenu.hpp">
      <Filter>Header Files\Menus</Filter>
    </ClInclude>
    <ClInclude Include="SpawnMenu.hpp">
      <Filter>Header Files\Menus</Filter>
    </ClInclude>
    <ClInclude Include="Import_GLTF.hpp">
      <Filter>Header Files\GLTF</Filter>
    </ClInclude>
    <ClInclude Include="TinyGLTF.hpp">
      <Filter>Header Files\GLTF</Filter>
    </ClInclude>
    <ClInclude Include="json.hpp">
      <Filter>Header Files\GLTF</Filter>
    </ClInclude>
    <ClInclude Include="stb_image.h">
      <Filter>Header Files\GLTF</Filter>
    </ClInclude>
    <ClInclude Include="stb_image_write.h">
      <Filter>Header Files\GLTF</Filter>
    </ClInclude>
    <ClInclude Include="ConvexDecomposition.hpp">
      <Filter>Header Files</Filter>
    </ClInclude>
    <ClInclude Include="ozz_mesh.h">
      <Filter>Header Files\OZZ</Filter>
    </ClInclude>
    <ClInclude Include="ozz_utils.h">
      <Filter>Header Files\OZZ</Filter>
    </ClInclude>
    <ClInclude Include="VulkanDevice.hpp">
      <Filter>Header Files\Vulkan</Filter>
    </ClInclude>
    <ClInclude Include="VulkanInitializers.hpp">
      <Filter>Header Files\Vulkan</Filter>
    </ClInclude>
    <ClInclude Include="VulkanSwapChain.hpp">
      <Filter>Header Files\Vulkan</Filter>
    </ClInclude>
    <ClInclude Include="PlaybackController.hpp">
      <Filter>Header Files\OZZ</Filter>
    </ClInclude>
    <ClInclude Include="VulkanFrameBuffer.hpp">
      <Filter>Header Files\Vulkan</Filter>
    </ClInclude>
    <ClInclude Include="Item.hpp">
      <Filter>Header Files\Items</Filter>
    </ClInclude>
    <ClInclude Include="Item_Physgun.hpp">
      <Filter>Header Files\Items</Filter>
    </ClInclude>
    <ClInclude Include="Vulkan.hpp">
      <Filter>Header Files\Vulkan</Filter>
    </ClInclude>
    <ClInclude Include="GUI.hpp">
      <Filter>Header Files\Menus</Filter>
    </ClInclude>
    <ClInclude Include="imconfig.h">
      <Filter>Header Files\Libraries\imGUI</Filter>
    </ClInclude>
    <ClInclude Include="imgui.h">
      <Filter>Header Files\Libraries\imGUI</Filter>
    </ClInclude>
    <ClInclude Include="imgui_internal.h">
      <Filter>Header Files\Libraries\imGUI</Filter>
    </ClInclude>
    <ClInclude Include="imstb_rectpack.h">
      <Filter>Header Files\Libraries\imGUI</Filter>
    </ClInclude>
    <ClInclude Include="imstb_textedit.h">
      <Filter>Header Files\Libraries\imGUI</Filter>
    </ClInclude>
    <ClInclude Include="imstb_truetype.h">
      <Filter>Header Files\Libraries\imGUI</Filter>
    </ClInclude>
    <ClInclude Include="Thread_Pool.hpp">
      <Filter>Header Files\Libraries</Filter>
    </ClInclude>
  </ItemGroup>
  <ItemGroup>
    <None Include="shaders\Fragment_Default.frag">
      <Filter>Source Files\Shaders\Frag</Filter>
    </None>
    <None Include="shaders\Fragment_GUI.frag">
      <Filter>Source Files\Shaders\Frag</Filter>
    </None>
    <None Include="shaders\deferred.frag">
      <Filter>Source Files\Shaders\Frag</Filter>
    </None>
    <None Include="shaders\Vertex_GUI.vert">
      <Filter>Source Files\Shaders\Vert</Filter>
    </None>
    <None Include="shaders\deferred.vert">
      <Filter>Source Files\Shaders\Vert</Filter>
    </None>
    <None Include="shaders\Vertex_Default.vert">
      <Filter>Source Files\Shaders\Vert</Filter>
    </None>
    <None Include="shaders\ui.frag">
      <Filter>Source Files\Shaders\Frag</Filter>
    </None>
    <None Include="shaders\ui.vert">
      <Filter>Source Files\Shaders\Vert</Filter>
    </None>
  </ItemGroup>
</Project>